
Microsoft Visual Studio Solution File, Format Version 12.00
# Visual Studio Version 16
VisualStudioVersion = 16.0.31105.61
MinimumVisualStudioVersion = 10.0.40219.1
Project("{9A19103F-16F7-4668-BE54-9A1E7A4F7556}") = "OOP", "OOP.csproj", "{18AA8CCC-DEED-4A81-912B-40A3AFE0B364}"
EndProject
Project("{FAE04EC0-301F-11D3-BF4B-00C04F79EFBC}") = "CustomLib", "..\CustomLib\CustomLib.csproj", "{0A15C831-32C0-4516-9785-BF2AE936661E}"
EndProject
Global
	GlobalSection(SolutionConfigurationPlatforms) = preSolution
		Debug|Any CPU = Debug|Any CPU
		Release|Any CPU = Release|Any CPU
	EndGlobalSection
	GlobalSection(ProjectConfigurationPlatforms) = postSolution
		{18AA8CCC-DEED-4A81-912B-40A3AFE0B364}.Debug|Any CPU.ActiveCfg = Debug|Any CPU
		{18AA8CCC-DEED-4A81-912B-40A3AFE0B364}.Debug|Any CPU.Build.0 = Debug|Any CPU
		{18AA8CCC-DEED-4A81-912B-40A3AFE0B364}.Release|Any CPU.ActiveCfg = Release|Any CPU
		{18AA8CCC-DEED-4A81-912B-40A3AFE0B364}.Release|Any CPU.Build.0 = Release|Any CPU
		{0A15C831-32C0-4516-9785-BF2AE936661E}.Debug|Any CPU.ActiveCfg = Debug|Any CPU
		{0A15C831-32C0-4516-9785-BF2AE936661E}.Debug|Any CPU.Build.0 = Debug|Any CPU
		{0A15C831-32C0-4516-9785-BF2AE936661E}.Release|Any CPU.ActiveCfg = Release|Any CPU
		{0A15C831-32C0-4516-9785-BF2AE936661E}.Release|Any CPU.Build.0 = Release|Any CPU
	EndGlobalSection
	GlobalSection(SolutionProperties) = preSolution
		HideSolutionNode = FALSE
	EndGlobalSection
	GlobalSection(ExtensibilityGlobals) = postSolution
		SolutionGuid = {884EDC79-A67B-435C-9E76-C923363677EB}
	EndGlobalSection
EndGlobal
